
Microsoft Visual Studio Solution File, Format Version 12.00
# Visual Studio Version 17
VisualStudioVersion = 17.13.35825.156 d17.13
MinimumVisualStudioVersion = 10.0.40219.1
Project("{FAE04EC0-301F-11D3-BF4B-00C04F79EFBC}") = "FamilyTask.API", "FamilyTask.API.csproj", "{C4AAEF1F-EE0D-4C2C-9369-A974498961B6}"
EndProject
Project("{FAE04EC0-301F-11D3-BF4B-00C04F79EFBC}") = "FamilyTask.Core", "..\FamilyTask.Core\FamilyTask.Core.csproj", "{4756FD9B-BE8F-47FE-AC6D-FCCF41F8AA26}"
EndProject
Project("{FAE04EC0-301F-11D3-BF4B-00C04F79EFBC}") = "FamilyTask.Infrastructure", "..\FamilyTask.Infrastructure\FamilyTask.Infrastructure.csproj", "{21FAE5A6-B442-49C4-8D5C-A09AA9A62334}"
EndProject
Global
	GlobalSection(SolutionConfigurationPlatforms) = preSolution
		Debug|Any CPU = Debug|Any CPU
		Release|Any CPU = Release|Any CPU
	EndGlobalSection
	GlobalSection(ProjectConfigurationPlatforms) = postSolution
		{C4AAEF1F-EE0D-4C2C-9369-A974498961B6}.Debug|Any CPU.ActiveCfg = Debug|Any CPU
		{C4AAEF1F-EE0D-4C2C-9369-A974498961B6}.Debug|Any CPU.Build.0 = Debug|Any CPU
		{C4AAEF1F-EE0D-4C2C-9369-A974498961B6}.Release|Any CPU.ActiveCfg = Release|Any CPU
		{C4AAEF1F-EE0D-4C2C-9369-A974498961B6}.Release|Any CPU.Build.0 = Release|Any CPU
		{4756FD9B-BE8F-47FE-AC6D-FCCF41F8AA26}.Debug|Any CPU.ActiveCfg = Debug|Any CPU
		{4756FD9B-BE8F-47FE-AC6D-FCCF41F8AA26}.Debug|Any CPU.Build.0 = Debug|Any CPU
		{4756FD9B-BE8F-47FE-AC6D-FCCF41F8AA26}.Release|Any CPU.ActiveCfg = Release|Any CPU
		{4756FD9B-BE8F-47FE-AC6D-FCCF41F8AA26}.Release|Any CPU.Build.0 = Release|Any CPU
		{21FAE5A6-B442-49C4-8D5C-A09AA9A62334}.Debug|Any CPU.ActiveCfg = Debug|Any CPU
		{21FAE5A6-B442-49C4-8D5C-A09AA9A62334}.Debug|Any CPU.Build.0 = Debug|Any CPU
		{21FAE5A6-B442-49C4-8D5C-A09AA9A62334}.Release|Any CPU.ActiveCfg = Release|Any CPU
		{21FAE5A6-B442-49C4-8D5C-A09AA9A62334}.Release|Any CPU.Build.0 = Release|Any CPU
	EndGlobalSection
	GlobalSection(SolutionProperties) = preSolution
		HideSolutionNode = FALSE
	EndGlobalSection
	GlobalSection(ExtensibilityGlobals) = postSolution
		SolutionGuid = {F9194B8F-D372-471C-B0E2-9039C08E23AF}
	EndGlobalSection
EndGlobal
